
Microsoft Visual Studio Solution File, Format Version 12.00
# Visual Studio Version 17
VisualStudioVersion = 17.2.32616.157
MinimumVisualStudioVersion = 10.0.40219.1
Project("{FAE04EC0-301F-11D3-BF4B-00C04F79EFBC}") = "CalculadoraDeOperacoesBasicas", "CalculadoraDeOperacoesBasicas\CalculadoraDeOperacoesBasicas.csproj", "{50DB8718-B9BC-43DB-9141-55AF039FBACD}"
EndProject
Global
	GlobalSection(SolutionConfigurationPlatforms) = preSolution
		Debug|Any CPU = Debug|Any CPU
		Release|Any CPU = Release|Any CPU
	EndGlobalSection
	GlobalSection(ProjectConfigurationPlatforms) = postSolution
		{50DB8718-B9BC-43DB-9141-55AF039FBACD}.Debug|Any CPU.ActiveCfg = Debug|Any CPU
		{50DB8718-B9BC-43DB-9141-55AF039FBACD}.Debug|Any CPU.Build.0 = Debug|Any CPU
		{50DB8718-B9BC-43DB-9141-55AF039FBACD}.Release|Any CPU.ActiveCfg = Release|Any CPU
		{50DB8718-B9BC-43DB-9141-55AF039FBACD}.Release|Any CPU.Build.0 = Release|Any CPU
	EndGlobalSection
	GlobalSection(SolutionProperties) = preSolution
		HideSolutionNode = FALSE
	EndGlobalSection
	GlobalSection(ExtensibilityGlobals) = postSolution
		SolutionGuid = {5F9575B7-0BAE-47E6-A3A4-A2449D8CBD12}
	EndGlobalSection
EndGlobal
